// !$*UTF8*$!
{
	archiveVersion = 1;
	classes = {
	};
	objectVersion = 50;
	objects = {

/* Begin PBXBuildFile section */
		FF0CBF5026D3D37800C5BAF0 /* TestProjectApp.swift in Sources */ = {isa = PBXBuildFile; fileRef = FF0CBF4F26D3D37800C5BAF0 /* TestProjectApp.swift */; };
		FF0CBF5226D3D37800C5BAF0 /* FrameworkView.swift in Sources */ = {isa = PBXBuildFile; fileRef = FF0CBF5126D3D37800C5BAF0 /* FrameworkView.swift */; };
		FF0CBF5426D3D37800C5BAF0 /* Assets.xcassets in Resources */ = {isa = PBXBuildFile; fileRef = FF0CBF5326D3D37800C5BAF0 /* Assets.xcassets */; };
		FF0CBF5726D3D37800C5BAF0 /* Preview Assets.xcassets in Resources */ = {isa = PBXBuildFile; fileRef = FF0CBF5626D3D37800C5BAF0 /* Preview Assets.xcassets */; };
		FF0CBF6126D4053A00C5BAF0 /* Framework.swift in Sources */ = {isa = PBXBuildFile; fileRef = FF0CBF6026D4053A00C5BAF0 /* Framework.swift */; };
		FF0CBF6326D4080200C5BAF0 /* SwipeActions.swift in Sources */ = {isa = PBXBuildFile; fileRef = FF0CBF6226D4080200C5BAF0 /* SwipeActions.swift */; };
		FF0CBF6526D4083800C5BAF0 /* SwipeButtonView.swift in Sources */ = {isa = PBXBuildFile; fileRef = FF0CBF6426D4083800C5BAF0 /* SwipeButtonView.swift */; };
		FF0CBF6726D4095200C5BAF0 /* FrameworkViewViewModel.swift in Sources */ = {isa = PBXBuildFile; fileRef = FF0CBF6626D4095200C5BAF0 /* FrameworkViewViewModel.swift */; };
		FF0CBF6D26D40C8700C5BAF0 /* View+addButtonActions.swift in Sources */ = {isa = PBXBuildFile; fileRef = FF0CBF6C26D40C8700C5BAF0 /* View+addButtonActions.swift */; };
		FF0CBF6F26D40D4800C5BAF0 /* SwipeContainerCell.swift in Sources */ = {isa = PBXBuildFile; fileRef = FF0CBF6E26D40D4800C5BAF0 /* SwipeContainerCell.swift */; };
		FFA31F7B26DFB7F90080FDC6 /* song.mp3 in Resources */ = {isa = PBXBuildFile; fileRef = FFA31F7A26DFB7F90080FDC6 /* song.mp3 */; };
		FFA31F8126DFC70A0080FDC6 /* AudioButton.swift in Sources */ = {isa = PBXBuildFile; fileRef = FFA31F8026DFC70A0080FDC6 /* AudioButton.swift */; };
/* End PBXBuildFile section */

/* Begin PBXFileReference section */
		FF0CBF4C26D3D37800C5BAF0 /* TestProject.app */ = {isa = PBXFileReference; explicitFileType = wrapper.application; includeInIndex = 0; path = TestProject.app; sourceTree = BUILT_PRODUCTS_DIR; };
		FF0CBF4F26D3D37800C5BAF0 /* TestProjectApp.swift */ = {isa = PBXFileReference; lastKnownFileType = sourcecode.swift; path = TestProjectApp.swift; sourceTree = "<group>"; };
		FF0CBF5126D3D37800C5BAF0 /* FrameworkView.swift */ = {isa = PBXFileReference; lastKnownFileType = sourcecode.swift; path = FrameworkView.swift; sourceTree = "<group>"; };
		FF0CBF5326D3D37800C5BAF0 /* Assets.xcassets */ = {isa = PBXFileReference; lastKnownFileType = folder.assetcatalog; path = Assets.xcassets; sourceTree = "<group>"; };
		FF0CBF5626D3D37800C5BAF0 /* Preview Assets.xcassets */ = {isa = PBXFileReference; lastKnownFileType = folder.assetcatalog; path = "Preview Assets.xcassets"; sourceTree = "<group>"; };
		FF0CBF5826D3D37800C5BAF0 /* Info.plist */ = {isa = PBXFileReference; lastKnownFileType = text.plist.xml; path = Info.plist; sourceTree = "<group>"; };
		FF0CBF6026D4053A00C5BAF0 /* Framework.swift */ = {isa = PBXFileReference; lastKnownFileType = sourcecode.swift; path = Framework.swift; sourceTree = "<group>"; };
		FF0CBF6226D4080200C5BAF0 /* SwipeActions.swift */ = {isa = PBXFileReference; lastKnownFileType = sourcecode.swift; path = SwipeActions.swift; sourceTree = "<group>"; };
		FF0CBF6426D4083800C5BAF0 /* SwipeButtonView.swift */ = {isa = PBXFileReference; lastKnownFileType = sourcecode.swift; path = SwipeButtonView.swift; sourceTree = "<group>"; };
		FF0CBF6626D4095200C5BAF0 /* FrameworkViewViewModel.swift */ = {isa = PBXFileReference; lastKnownFileType = sourcecode.swift; path = FrameworkViewViewModel.swift; sourceTree = "<group>"; };
		FF0CBF6C26D40C8700C5BAF0 /* View+addButtonActions.swift */ = {isa = PBXFileReference; lastKnownFileType = sourcecode.swift; path = "View+addButtonActions.swift"; sourceTree = "<group>"; };
		FF0CBF6E26D40D4800C5BAF0 /* SwipeContainerCell.swift */ = {isa = PBXFileReference; lastKnownFileType = sourcecode.swift; path = SwipeContainerCell.swift; sourceTree = "<group>"; };
		FFA31F7A26DFB7F90080FDC6 /* song.mp3 */ = {isa = PBXFileReference; lastKnownFileType = audio.mp3; path = song.mp3; sourceTree = "<group>"; };
		FFA31F8026DFC70A0080FDC6 /* AudioButton.swift */ = {isa = PBXFileReference; fileEncoding = 4; lastKnownFileType = sourcecode.swift; path = AudioButton.swift; sourceTree = "<group>"; };
/* End PBXFileReference section */

/* Begin PBXFrameworksBuildPhase section */
		FF0CBF4926D3D37800C5BAF0 /* Frameworks */ = {
			isa = PBXFrameworksBuildPhase;
			buildActionMask = 2147483647;
			files = (
			);
			runOnlyForDeploymentPostprocessing = 0;
		};
/* End PBXFrameworksBuildPhase section */

/* Begin PBXGroup section */
		FF0CBF4326D3D37800C5BAF0 = {
			isa = PBXGroup;
			children = (
				FF0CBF4E26D3D37800C5BAF0 /* TestProject */,
				FF0CBF4D26D3D37800C5BAF0 /* Products */,
			);
			sourceTree = "<group>";
		};
		FF0CBF4D26D3D37800C5BAF0 /* Products */ = {
			isa = PBXGroup;
			children = (
				FF0CBF4C26D3D37800C5BAF0 /* TestProject.app */,
			);
			name = Products;
			sourceTree = "<group>";
		};
		FF0CBF4E26D3D37800C5BAF0 /* TestProject */ = {
			isa = PBXGroup;
			children = (
				FF0CBF4F26D3D37800C5BAF0 /* TestProjectApp.swift */,
				FF0CBF6926D40C0E00C5BAF0 /* Model */,
				FF0CBF6A26D40C1900C5BAF0 /* Views */,
				FF0CBF6B26D40C3600C5BAF0 /* ViewModel */,
				FF0CBF6826D40BF700C5BAF0 /* Supporting */,
				FF0CBF5326D3D37800C5BAF0 /* Assets.xcassets */,
				FF0CBF5826D3D37800C5BAF0 /* Info.plist */,
				FF0CBF5526D3D37800C5BAF0 /* Preview Content */,
			);
			path = TestProject;
			sourceTree = "<group>";
		};
		FF0CBF5526D3D37800C5BAF0 /* Preview Content */ = {
			isa = PBXGroup;
			children = (
				FF0CBF5626D3D37800C5BAF0 /* Preview Assets.xcassets */,
			);
			path = "Preview Content";
			sourceTree = "<group>";
		};
		FF0CBF6826D40BF700C5BAF0 /* Supporting */ = {
			isa = PBXGroup;
			children = (
				FF0CBF6226D4080200C5BAF0 /* SwipeActions.swift */,
				FF0CBF6E26D40D4800C5BAF0 /* SwipeContainerCell.swift */,
				FF0CBF6C26D40C8700C5BAF0 /* View+addButtonActions.swift */,
				FFA31F7A26DFB7F90080FDC6 /* song.mp3 */,
			);
			path = Supporting;
			sourceTree = "<group>";
		};
		FF0CBF6926D40C0E00C5BAF0 /* Model */ = {
			isa = PBXGroup;
			children = (
				FF0CBF6026D4053A00C5BAF0 /* Framework.swift */,
			);
			path = Model;
			sourceTree = "<group>";
		};
		FF0CBF6A26D40C1900C5BAF0 /* Views */ = {
			isa = PBXGroup;
			children = (
				FF0CBF5126D3D37800C5BAF0 /* FrameworkView.swift */,
				FF0CBF6426D4083800C5BAF0 /* SwipeButtonView.swift */,
				FFA31F8026DFC70A0080FDC6 /* AudioButton.swift */,
			);
			path = Views;
			sourceTree = "<group>";
		};
		FF0CBF6B26D40C3600C5BAF0 /* ViewModel */ = {
			isa = PBXGroup;
			children = (
				FF0CBF6626D4095200C5BAF0 /* FrameworkViewViewModel.swift */,
			);
			path = ViewModel;
			sourceTree = "<group>";
		};
/* End PBXGroup section */

/* Begin PBXNativeTarget section */
		FF0CBF4B26D3D37800C5BAF0 /* TestProject */ = {
			isa = PBXNativeTarget;
			buildConfigurationList = FF0CBF5B26D3D37800C5BAF0 /* Build configuration list for PBXNativeTarget "TestProject" */;
			buildPhases = (
				FF0CBF4826D3D37800C5BAF0 /* Sources */,
				FF0CBF4926D3D37800C5BAF0 /* Frameworks */,
				FF0CBF4A26D3D37800C5BAF0 /* Resources */,
			);
			buildRules = (
			);
			dependencies = (
			);
			name = TestProject;
			productName = TestProject;
			productReference = FF0CBF4C26D3D37800C5BAF0 /* TestProject.app */;
			productType = "com.apple.product-type.application";
		};
/* End PBXNativeTarget section */

/* Begin PBXProject section */
		FF0CBF4426D3D37800C5BAF0 /* Project object */ = {
			isa = PBXProject;
			attributes = {
				LastSwiftUpdateCheck = 1250;
				LastUpgradeCheck = 1250;
				TargetAttributes = {
					FF0CBF4B26D3D37800C5BAF0 = {
						CreatedOnToolsVersion = 12.5.1;
					};
				};
			};
			buildConfigurationList = FF0CBF4726D3D37800C5BAF0 /* Build configuration list for PBXProject "TestProject" */;
			compatibilityVersion = "Xcode 9.3";
			developmentRegion = en;
			hasScannedForEncodings = 0;
			knownRegions = (
				en,
				Base,
			);
			mainGroup = FF0CBF4326D3D37800C5BAF0;
			productRefGroup = FF0CBF4D26D3D37800C5BAF0 /* Products */;
			projectDirPath = "";
			projectRoot = "";
			targets = (
				FF0CBF4B26D3D37800C5BAF0 /* TestProject */,
			);
		};
/* End PBXProject section */

/* Begin PBXResourcesBuildPhase section */
		FF0CBF4A26D3D37800C5BAF0 /* Resources */ = {
			isa = PBXResourcesBuildPhase;
			buildActionMask = 2147483647;
			files = (
				FFA31F7B26DFB7F90080FDC6 /* song.mp3 in Resources */,
				FF0CBF5726D3D37800C5BAF0 /* Preview Assets.xcassets in Resources */,
				FF0CBF5426D3D37800C5BAF0 /* Assets.xcassets in Resources */,
			);
			runOnlyForDeploymentPostprocessing = 0;
		};
/* End PBXResourcesBuildPhase section */

/* Begin PBXSourcesBuildPhase section */
		FF0CBF4826D3D37800C5BAF0 /* Sources */ = {
			isa = PBXSourcesBuildPhase;
			buildActionMask = 2147483647;
			files = (
				FF0CBF5226D3D37800C5BAF0 /* FrameworkView.swift in Sources */,
				FF0CBF6126D4053A00C5BAF0 /* Framework.swift in Sources */,
				FF0CBF6526D4083800C5BAF0 /* SwipeButtonView.swift in Sources */,
				FF0CBF5026D3D37800C5BAF0 /* TestProjectApp.swift in Sources */,
				FFA31F8126DFC70A0080FDC6 /* AudioButton.swift in Sources */,
				FF0CBF6D26D40C8700C5BAF0 /* View+addButtonActions.swift in Sources */,
				FF0CBF6326D4080200C5BAF0 /* SwipeActions.swift in Sources */,
				FF0CBF6F26D40D4800C5BAF0 /* SwipeContainerCell.swift in Sources */,
				FF0CBF6726D4095200C5BAF0 /* FrameworkViewViewModel.swift in Sources */,
			);
			runOnlyForDeploymentPostprocessing = 0;
		};
/* End PBXSourcesBuildPhase section */

/* Begin XCBuildConfiguration section */
		FF0CBF5926D3D37800C5BAF0 /* Debug */ = {
			isa = XCBuildConfiguration;
			buildSettings = {
				ALWAYS_SEARCH_USER_PATHS = NO;
				CLANG_ANALYZER_NONNULL = YES;
				CLANG_ANALYZER_NUMBER_OBJECT_CONVERSION = YES_AGGRESSIVE;
				CLANG_CXX_LANGUAGE_STANDARD = "gnu++14";
				CLANG_CXX_LIBRARY = "libc++";
				CLANG_ENABLE_MODULES = YES;
				CLANG_ENABLE_OBJC_ARC = YES;
				CLANG_ENABLE_OBJC_WEAK = YES;
				CLANG_WARN_BLOCK_CAPTURE_AUTORELEASING = YES;
				CLANG_WARN_BOOL_CONVERSION = YES;
				CLANG_WARN_COMMA = YES;
				CLANG_WARN_CONSTANT_CONVERSION = YES;
				CLANG_WARN_DEPRECATED_OBJC_IMPLEMENTATIONS = YES;
				CLANG_WARN_DIRECT_OBJC_ISA_USAGE = YES_ERROR;
				CLANG_WARN_DOCUMENTATION_COMMENTS = YES;
				CLANG_WARN_EMPTY_BODY = YES;
				CLANG_WARN_ENUM_CONVERSION = YES;
				CLANG_WARN_INFINITE_RECURSION = YES;
				CLANG_WARN_INT_CONVERSION = YES;
				CLANG_WARN_NON_LITERAL_NULL_CONVERSION = YES;
				CLANG_WARN_OBJC_IMPLICIT_RETAIN_SELF = YES;
				CLANG_WARN_OBJC_LITERAL_CONVERSION = YES;
				CLANG_WARN_OBJC_ROOT_CLASS = YES_ERROR;
				CLANG_WARN_QUOTED_INCLUDE_IN_FRAMEWORK_HEADER = YES;
				CLANG_WARN_RANGE_LOOP_ANALYSIS = YES;
				CLANG_WARN_STRICT_PROTOTYPES = YES;
				CLANG_WARN_SUSPICIOUS_MOVE = YES;
				CLANG_WARN_UNGUARDED_AVAILABILITY = YES_AGGRESSIVE;
				CLANG_WARN_UNREACHABLE_CODE = YES;
				CLANG_WARN__DUPLICATE_METHOD_MATCH = YES;
				COPY_PHASE_STRIP = NO;
				DEBUG_INFORMATION_FORMAT = dwarf;
				ENABLE_STRICT_OBJC_MSGSEND = YES;
				ENABLE_TESTABILITY = YES;
				GCC_C_LANGUAGE_STANDARD = gnu11;
				GCC_DYNAMIC_NO_PIC = NO;
				GCC_NO_COMMON_BLOCKS = YES;
				GCC_OPTIMIZATION_LEVEL = 0;
				GCC_PREPROCESSOR_DEFINITIONS = (
					"DEBUG=1",
					"$(inherited)",
				);
				GCC_WARN_64_TO_32_BIT_CONVERSION = YES;
				GCC_WARN_ABOUT_RETURN_TYPE = YES_ERROR;
				GCC_WARN_UNDECLARED_SELECTOR = YES;
				GCC_WARN_UNINITIALIZED_AUTOS = YES_AGGRESSIVE;
				GCC_WARN_UNUSED_FUNCTION = YES;
				GCC_WARN_UNUSED_VARIABLE = YES;
				IPHONEOS_DEPLOYMENT_TARGET = 14.1;
				MTL_ENABLE_DEBUG_INFO = INCLUDE_SOURCE;
				MTL_FAST_MATH = YES;
				ONLY_ACTIVE_ARCH = YES;
				SDKROOT = iphoneos;
				SWIFT_ACTIVE_COMPILATION_CONDITIONS = DEBUG;
				SWIFT_OPTIMIZATION_LEVEL = "-Onone";
			};
			name = Debug;
		};
		FF0CBF5A26D3D37800C5BAF0 /* Release */ = {
			isa = XCBuildConfiguration;
			buildSettings = {
				ALWAYS_SEARCH_USER_PATHS = NO;
				CLANG_ANALYZER_NONNULL = YES;
				CLANG_ANALYZER_NUMBER_OBJECT_CONVERSION = YES_AGGRESSIVE;
				CLANG_CXX_LANGUAGE_STANDARD = "gnu++14";
				CLANG_CXX_LIBRARY = "libc++";
				CLANG_ENABLE_MODULES = YES;
				CLANG_ENABLE_OBJC_ARC = YES;
				CLANG_ENABLE_OBJC_WEAK = YES;
				CLANG_WARN_BLOCK_CAPTURE_AUTORELEASING = YES;
				CLANG_WARN_BOOL_CONVERSION = YES;
				CLANG_WARN_COMMA = YES;
				CLANG_WARN_CONSTANT_CONVERSION = YES;
				CLANG_WARN_DEPRECATED_OBJC_IMPLEMENTATIONS = YES;
				CLANG_WARN_DIRECT_OBJC_ISA_USAGE = YES_ERROR;
				CLANG_WARN_DOCUMENTATION_COMMENTS = YES;
				CLANG_WARN_EMPTY_BODY = YES;
				CLANG_WARN_ENUM_CONVERSION = YES;
				CLANG_WARN_INFINITE_RECURSION = YES;
				CLANG_WARN_INT_CONVERSION = YES;
				CLANG_WARN_NON_LITERAL_NULL_CONVERSION = YES;
				CLANG_WARN_OBJC_IMPLICIT_RETAIN_SELF = YES;
				CLANG_WARN_OBJC_LITERAL_CONVERSION = YES;
				CLANG_WARN_OBJC_ROOT_CLASS = YES_ERROR;
				CLANG_WARN_QUOTED_INCLUDE_IN_FRAMEWORK_HEADER = YES;
				CLANG_WARN_RANGE_LOOP_ANALYSIS = YES;
				CLANG_WARN_STRICT_PROTOTYPES = YES;
				CLANG_WARN_SUSPICIOUS_MOVE = YES;
				CLANG_WARN_UNGUARDED_AVAILABILITY = YES_AGGRESSIVE;
				CLANG_WARN_UNREACHABLE_CODE = YES;
				CLANG_WARN__DUPLICATE_METHOD_MATCH = YES;
				COPY_PHASE_STRIP = NO;
				DEBUG_INFORMATION_FORMAT = "dwarf-with-dsym";
				ENABLE_NS_ASSERTIONS = NO;
				ENABLE_STRICT_OBJC_MSGSEND = YES;
				GCC_C_LANGUAGE_STANDARD = gnu11;
				GCC_NO_COMMON_BLOCKS = YES;
				GCC_WARN_64_TO_32_BIT_CONVERSION = YES;
				GCC_WARN_ABOUT_RETURN_TYPE = YES_ERROR;
				GCC_WARN_UNDECLARED_SELECTOR = YES;
				GCC_WARN_UNINITIALIZED_AUTOS = YES_AGGRESSIVE;
				GCC_WARN_UNUSED_FUNCTION = YES;
				GCC_WARN_UNUSED_VARIABLE = YES;
				IPHONEOS_DEPLOYMENT_TARGET = 14.1;
				MTL_ENABLE_DEBUG_INFO = NO;
				MTL_FAST_MATH = YES;
				SDKROOT = iphoneos;
				SWIFT_COMPILATION_MODE = wholemodule;
				SWIFT_OPTIMIZATION_LEVEL = "-O";
				VALIDATE_PRODUCT = YES;
			};
			name = Release;
		};
		FF0CBF5C26D3D37800C5BAF0 /* Debug */ = {
			isa = XCBuildConfiguration;
			buildSettings = {
				ASSETCATALOG_COMPILER_APPICON_NAME = AppIcon;
				ASSETCATALOG_COMPILER_GLOBAL_ACCENT_COLOR_NAME = AccentColor;
				CODE_SIGN_STYLE = Automatic;
				DEVELOPMENT_ASSET_PATHS = "\"TestProject/Preview Content\"";
				DEVELOPMENT_TEAM = V9KWBFA2B6;
				ENABLE_PREVIEWS = YES;
				INFOPLIST_FILE = TestProject/Info.plist;
				IPHONEOS_DEPLOYMENT_TARGET = 14.0;
				LD_RUNPATH_SEARCH_PATHS = (
					"$(inherited)",
					"@executable_path/Frameworks",
				);
				PRODUCT_BUNDLE_IDENTIFIER = VS.TestProject;
				PRODUCT_NAME = "$(TARGET_NAME)";
				SWIFT_VERSION = 5.0;
				TARGETED_DEVICE_FAMILY = "1,2";
			};
			name = Debug;
		};
		FF0CBF5D26D3D37800C5BAF0 /* Release */ = {
			isa = XCBuildConfiguration;
			buildSettings = {
				ASSETCATALOG_COMPILER_APPICON_NAME = AppIcon;
				ASSETCATALOG_COMPILER_GLOBAL_ACCENT_COLOR_NAME = AccentColor;
				CODE_SIGN_STYLE = Automatic;
				DEVELOPMENT_ASSET_PATHS = "\"TestProject/Preview Content\"";
				DEVELOPMENT_TEAM = V9KWBFA2B6;
				ENABLE_PREVIEWS = YES;
				INFOPLIST_FILE = TestProject/Info.plist;
				IPHONEOS_DEPLOYMENT_TARGET = 14.0;
				LD_RUNPATH_SEARCH_PATHS = (
					"$(inherited)",
					"@executable_path/Frameworks",
				);
				PRODUCT_BUNDLE_IDENTIFIER = VS.TestProject;
				PRODUCT_NAME = "$(TARGET_NAME)";
				SWIFT_VERSION = 5.0;
				TARGETED_DEVICE_FAMILY = "1,2";
			};
			name = Release;
		};
/* End XCBuildConfiguration section */

/* Begin XCConfigurationList section */
		FF0CBF4726D3D37800C5BAF0 /* Build configuration list for PBXProject "TestProject" */ = {
			isa = XCConfigurationList;
			buildConfigurations = (
				FF0CBF5926D3D37800C5BAF0 /* Debug */,
				FF0CBF5A26D3D37800C5BAF0 /* Release */,
			);
			defaultConfigurationIsVisible = 0;
			defaultConfigurationName = Release;
		};
		FF0CBF5B26D3D37800C5BAF0 /* Build configuration list for PBXNativeTarget "TestProject" */ = {
			isa = XCConfigurationList;
			buildConfigurations = (
				FF0CBF5C26D3D37800C5BAF0 /* Debug */,
				FF0CBF5D26D3D37800C5BAF0 /* Release */,
			);
			defaultConfigurationIsVisible = 0;
			defaultConfigurationName = Release;
		};
/* End XCConfigurationList section */
	};
	rootObject = FF0CBF4426D3D37800C5BAF0 /* Project object */;
}
